<?xml version="1.0" encoding="utf-8"?>
<Project ToolsVersion="4.0" xmlns="http://schemas.microsoft.com/developer/msbuild/2003">
  <ItemGroup>
    <Filter Include="Исходные файлы">
      <UniqueIdentifier>{4FC737F1-C7A5-4376-A066-2A32D752A2FF}</UniqueIdentifier>
      <Extensions>cpp;c;cc;cxx;c++;cppm;ixx;def;odl;idl;hpj;bat;asm;asmx</Extensions>
    </Filter>
    <Filter Include="Файлы заголовков">
      <UniqueIdentifier>{93995380-89BD-4b04-88EB-625FBE52EBFB}</UniqueIdentifier>
      <Extensions>h;hh;hpp;hxx;h++;hm;inl;inc;ipp;xsd</Extensions>
    </Filter>
    <Filter Include="Файлы ресурсов">
      <UniqueIdentifier>{67DA6AB6-F800-4c08-8B7A-83BB121AAD01}</UniqueIdentifier>
      <Extensions>rc;ico;cur;bmp;dlg;rc2;rct;bin;rgs;gif;jpg;jpeg;jpe;resx;tiff;tif;png;wav;mfcribbon-ms</Extensions>
    </Filter>
    <Filter Include="Исходные файлы\headerFile">
      <UniqueIdentifier>{4b800ce1-6df7-4b48-9114-3b18643da0d2}</UniqueIdentifier>
    </Filter>
    <Filter Include="Исходные файлы\cFiles">
      <UniqueIdentifier>{a410d481-4a7a-48e7-b070-57243295e815}</UniqueIdentifier>
    </Filter>
  </ItemGroup>
  <ItemGroup>
    <ClCompile Include="Main.c">
      <Filter>Исходные файлы</Filter>
    </ClCompile>
    <ClCompile Include="Read.c">
      <Filter>Исходные файлы\cFiles</Filter>
    </ClCompile>
    <ClCompile Include="Create.c">
      <Filter>Исходные файлы\cFiles</Filter>
    </ClCompile>
    <ClCompile Include="Delete.c">
      <Filter>Исходные файлы\cFiles</Filter>
    </ClCompile>
    <ClCompile Include="Update.c">
      <Filter>Исходные файлы\cFiles</Filter>
    </ClCompile>
    <ClCompile Include="EntryDataProcessing.c">
      <Filter>Исходные файлы\cFiles</Filter>
    </ClCompile>
    <ClCompile Include="HashTable.c">
      <Filter>Исходные файлы\cFiles</Filter>
    </ClCompile>
  </ItemGroup>
  <ItemGroup>
    <ClInclude Include="Read.h">
      <Filter>Исходные файлы\headerFile</Filter>
    </ClInclude>
    <ClInclude Include="Create.h">
      <Filter>Исходные файлы\headerFile</Filter>
    </ClInclude>
    <ClInclude Include="Delete.h">
      <Filter>Исходные файлы\headerFile</Filter>
    </ClInclude>
    <ClInclude Include="Update.h">
      <Filter>Исходные файлы\headerFile</Filter>
    </ClInclude>
    <ClInclude Include="StructDefine.h">
      <Filter>Исходные файлы</Filter>
    </ClInclude>
    <ClInclude Include="EntryDataProcessing.h">
      <Filter>Исходные файлы\headerFile</Filter>
    </ClInclude>
    <ClInclude Include="HashTable.h">
      <Filter>Исходные файлы\headerFile</Filter>
    </ClInclude>
  </ItemGroup>
</Project>